// !$*UTF8*$!
{
	archiveVersion = 1;
	classes = {
	};
	objectVersion = 46;
	objects = {

/* Begin PBXBuildFile section */
		95788B5015766E7F00394814 /* UIKit.framework in Frameworks */ = {isa = PBXBuildFile; fileRef = 95788B4F15766E7F00394814 /* UIKit.framework */; };
		95788B5215766E7F00394814 /* Foundation.framework in Frameworks */ = {isa = PBXBuildFile; fileRef = 95788B5115766E7F00394814 /* Foundation.framework */; };
		95788B5415766E7F00394814 /* CoreGraphics.framework in Frameworks */ = {isa = PBXBuildFile; fileRef = 95788B5315766E7F00394814 /* CoreGraphics.framework */; };
		95788B5A15766E7F00394814 /* InfoPlist.strings in Resources */ = {isa = PBXBuildFile; fileRef = 95788B5815766E7F00394814 /* InfoPlist.strings */; };
		95788B5C15766E7F00394814 /* main.m in Sources */ = {isa = PBXBuildFile; fileRef = 95788B5B15766E7F00394814 /* main.m */; };
		95788B6015766E7F00394814 /* WWLLVAppDelegate.m in Sources */ = {isa = PBXBuildFile; fileRef = 95788B5F15766E7F00394814 /* WWLLVAppDelegate.m */; };
		95788B6315766E7F00394814 /* MainStoryboard.storyboard in Resources */ = {isa = PBXBuildFile; fileRef = 95788B6115766E7F00394814 /* MainStoryboard.storyboard */; };
		95788B6615766E7F00394814 /* WWLLVViewController.m in Sources */ = {isa = PBXBuildFile; fileRef = 95788B6515766E7F00394814 /* WWLLVViewController.m */; };
/* End PBXBuildFile section */

/* Begin PBXFileReference section */
		95788B4B15766E7F00394814 /* WWLLVoting.app */ = {isa = PBXFileReference; explicitFileType = wrapper.application; includeInIndex = 0; path = WWLLVoting.app; sourceTree = BUILT_PRODUCTS_DIR; };
		95788B4F15766E7F00394814 /* UIKit.framework */ = {isa = PBXFileReference; lastKnownFileType = wrapper.framework; name = UIKit.framework; path = System/Library/Frameworks/UIKit.framework; sourceTree = SDKROOT; };
		95788B5115766E7F00394814 /* Foundation.framework */ = {isa = PBXFileReference; lastKnownFileType = wrapper.framework; name = Foundation.framework; path = System/Library/Frameworks/Foundation.framework; sourceTree = SDKROOT; };
		95788B5315766E7F00394814 /* CoreGraphics.framework */ = {isa = PBXFileReference; lastKnownFileType = wrapper.framework; name = CoreGraphics.framework; path = System/Library/Frameworks/CoreGraphics.framework; sourceTree = SDKROOT; };
		95788B5715766E7F00394814 /* WWLLVoting-Info.plist */ = {isa = PBXFileReference; path = "WWLLVoting-Info.plist"; sourceTree = "<group>"; };
		95788B5915766E7F00394814 /* en */ = {isa = PBXFileReference; lastKnownFileType = text.plist.strings; name = en; path = en.lproj/InfoPlist.strings; sourceTree = "<group>"; };
		95788B5B15766E7F00394814 /* main.m */ = {isa = PBXFileReference; lastKnownFileType = sourcecode.c.objc; path = main.m; sourceTree = "<group>"; };
		95788B5D15766E7F00394814 /* WWLLVoting-Prefix.pch */ = {isa = PBXFileReference; path = "WWLLVoting-Prefix.pch"; sourceTree = "<group>"; };
		95788B5E15766E7F00394814 /* WWLLVAppDelegate.h */ = {isa = PBXFileReference; path = WWLLVAppDelegate.h; sourceTree = "<group>"; };
		95788B5F15766E7F00394814 /* WWLLVAppDelegate.m */ = {isa = PBXFileReference; lastKnownFileType = sourcecode.c.objc; path = WWLLVAppDelegate.m; sourceTree = "<group>"; };
		95788B6215766E7F00394814 /* en */ = {isa = PBXFileReference; lastKnownFileType = file.storyboard; name = en; path = en.lproj/MainStoryboard.storyboard; sourceTree = "<group>"; };
		95788B6415766E7F00394814 /* WWLLVViewController.h */ = {isa = PBXFileReference; path = WWLLVViewController.h; sourceTree = "<group>"; };
		95788B6515766E7F00394814 /* WWLLVViewController.m */ = {isa = PBXFileReference; lastKnownFileType = sourcecode.c.objc; path = WWLLVViewController.m; sourceTree = "<group>"; };
/* End PBXFileReference section */

/* Begin PBXFrameworksBuildPhase section */
		95788B4815766E7F00394814 /* Frameworks */ = {
			isa = PBXFrameworksBuildPhase;
			buildActionMask = 2147483647;
			files = (
				95788B5015766E7F00394814 /* UIKit.framework in Frameworks */,
				95788B5215766E7F00394814 /* Foundation.framework in Frameworks */,
				95788B5415766E7F00394814 /* CoreGraphics.framework in Frameworks */,
			);
			runOnlyForDeploymentPostprocessing = 0;
		};
/* End PBXFrameworksBuildPhase section */

/* Begin PBXGroup section */
		95788B4015766E7F00394814 = {
			isa = PBXGroup;
			children = (
				95788B5515766E7F00394814 /* WWLLVoting */,
				95788B4E15766E7F00394814 /* Frameworks */,
				95788B4C15766E7F00394814 /* Products */,
			);
			sourceTree = "<group>";
		};
		95788B4C15766E7F00394814 /* Products */ = {
			isa = PBXGroup;
			children = (
				95788B4B15766E7F00394814 /* WWLLVoting.app */,
			);
			name = Products;
			sourceTree = "<group>";
		};
		95788B4E15766E7F00394814 /* Frameworks */ = {
			isa = PBXGroup;
			children = (
				95788B4F15766E7F00394814 /* UIKit.framework */,
				95788B5115766E7F00394814 /* Foundation.framework */,
				95788B5315766E7F00394814 /* CoreGraphics.framework */,
			);
			name = Frameworks;
			sourceTree = "<group>";
		};
		95788B5515766E7F00394814 /* WWLLVoting */ = {
			isa = PBXGroup;
			children = (
				95788B5E15766E7F00394814 /* WWLLVAppDelegate.h */,
				95788B5F15766E7F00394814 /* WWLLVAppDelegate.m */,
				95788B6115766E7F00394814 /* MainStoryboard.storyboard */,
				95788B6415766E7F00394814 /* WWLLVViewController.h */,
				95788B6515766E7F00394814 /* WWLLVViewController.m */,
				95788B5615766E7F00394814 /* Supporting Files */,
			);
			path = WWLLVoting;
			sourceTree = "<group>";
		};
		95788B5615766E7F00394814 /* Supporting Files */ = {
			isa = PBXGroup;
			children = (
				95788B5715766E7F00394814 /* WWLLVoting-Info.plist */,
				95788B5815766E7F00394814 /* InfoPlist.strings */,
				95788B5B15766E7F00394814 /* main.m */,
				95788B5D15766E7F00394814 /* WWLLVoting-Prefix.pch */,
			);
			name = "Supporting Files";
			sourceTree = "<group>";
		};
/* End PBXGroup section */

/* Begin PBXNativeTarget section */
		95788B4A15766E7F00394814 /* WWLLVoting */ = {
			isa = PBXNativeTarget;
			buildConfigurationList = 95788B6915766E7F00394814 /* Build configuration list for PBXNativeTarget "WWLLVoting" */;
			buildPhases = (
				95788B4715766E7F00394814 /* Sources */,
				95788B4815766E7F00394814 /* Frameworks */,
				95788B4915766E7F00394814 /* Resources */,
			);
			buildRules = (
			);
			dependencies = (
			);
			name = WWLLVoting;
			productName = WWLLVoting;
			productReference = 95788B4B15766E7F00394814 /* WWLLVoting.app */;
			productType = "com.apple.product-type.application";
		};
/* End PBXNativeTarget section */

/* Begin PBXProject section */
		95788B4215766E7F00394814 /* Project object */ = {
			isa = PBXProject;
			attributes = {
				CLASSPREFIX = WWLLV;
				LastUpgradeCheck = 0430;
				ORGANIZATIONNAME = "Pure Creek";
			};
			buildConfigurationList = 95788B4515766E7F00394814 /* Build configuration list for PBXProject "WWLLVoting" */;
			compatibilityVersion = "Xcode 3.2";
			developmentRegion = English;
			hasScannedForEncodings = 0;
			knownRegions = (
				en,
			);
			mainGroup = 95788B4015766E7F00394814;
			productRefGroup = 95788B4C15766E7F00394814 /* Products */;
			projectDirPath = "";
			projectRoot = "";
			targets = (
				95788B4A15766E7F00394814 /* WWLLVoting */,
			);
		};
/* End PBXProject section */

/* Begin PBXResourcesBuildPhase section */
		95788B4915766E7F00394814 /* Resources */ = {
			isa = PBXResourcesBuildPhase;
			buildActionMask = 2147483647;
			files = (
				95788B5A15766E7F00394814 /* InfoPlist.strings in Resources */,
				95788B6315766E7F00394814 /* MainStoryboard.storyboard in Resources */,
			);
			runOnlyForDeploymentPostprocessing = 0;
		};
/* End PBXResourcesBuildPhase section */

/* Begin PBXSourcesBuildPhase section */
		95788B4715766E7F00394814 /* Sources */ = {
			isa = PBXSourcesBuildPhase;
			buildActionMask = 2147483647;
			files = (
				95788B5C15766E7F00394814 /* main.m in Sources */,
				95788B6015766E7F00394814 /* WWLLVAppDelegate.m in Sources */,
				95788B6615766E7F00394814 /* WWLLVViewController.m in Sources */,
			);
			runOnlyForDeploymentPostprocessing = 0;
		};
/* End PBXSourcesBuildPhase section */

/* Begin PBXVariantGroup section */
		95788B5815766E7F00394814 /* InfoPlist.strings */ = {
			isa = PBXVariantGroup;
			children = (
				95788B5915766E7F00394814 /* en */,
			);
			name = InfoPlist.strings;
			sourceTree = "<group>";
		};
		95788B6115766E7F00394814 /* MainStoryboard.storyboard */ = {
			isa = PBXVariantGroup;
			children = (
				95788B6215766E7F00394814 /* en */,
			);
			name = MainStoryboard.storyboard;
			sourceTree = "<group>";
		};
/* End PBXVariantGroup section */

/* Begin XCBuildConfiguration section */
		95788B6715766E7F00394814 /* Debug */ = {
			isa = XCBuildConfiguration;
			buildSettings = {
				ALWAYS_SEARCH_USER_PATHS = NO;
				ARCHS = "$(ARCHS_STANDARD_32_BIT)";
				CLANG_ENABLE_OBJC_ARC = YES;
				"CODE_SIGN_IDENTITY[sdk=iphoneos*]" = "iPhone Developer";
				COPY_PHASE_STRIP = NO;
				GCC_C_LANGUAGE_STANDARD = gnu99;
				GCC_DYNAMIC_NO_PIC = NO;
				GCC_OPTIMIZATION_LEVEL = 0;
				GCC_PREPROCESSOR_DEFINITIONS = (
					"DEBUG=1",
					"$(inherited)",
				);
				GCC_SYMBOLS_PRIVATE_EXTERN = NO;
				GCC_VERSION = com.apple.compilers.llvm.clang.1_0;
				GCC_WARN_ABOUT_RETURN_TYPE = YES;
				GCC_WARN_UNINITIALIZED_AUTOS = YES;
				GCC_WARN_UNUSED_VARIABLE = YES;
				IPHONEOS_DEPLOYMENT_TARGET = 5.1;
				SDKROOT = iphoneos;
				TARGETED_DEVICE_FAMILY = 2;
			};
			name = Debug;
		};
		95788B6815766E7F00394814 /* Release */ = {
			isa = XCBuildConfiguration;
			buildSettings = {
				ALWAYS_SEARCH_USER_PATHS = NO;
				ARCHS = "$(ARCHS_STANDARD_32_BIT)";
				CLANG_ENABLE_OBJC_ARC = YES;
				"CODE_SIGN_IDENTITY[sdk=iphoneos*]" = "iPhone Developer";
				COPY_PHASE_STRIP = YES;
				GCC_C_LANGUAGE_STANDARD = gnu99;
				GCC_VERSION = com.apple.compilers.llvm.clang.1_0;
				GCC_WARN_ABOUT_RETURN_TYPE = YES;
				GCC_WARN_UNINITIALIZED_AUTOS = YES;
				GCC_WARN_UNUSED_VARIABLE = YES;
				IPHONEOS_DEPLOYMENT_TARGET = 5.1;
				OTHER_CFLAGS = "-DNS_BLOCK_ASSERTIONS=1";
				SDKROOT = iphoneos;
				TARGETED_DEVICE_FAMILY = 2;
				VALIDATE_PRODUCT = YES;
			};
			name = Release;
		};
		95788B6A15766E7F00394814 /* Debug */ = {
			isa = XCBuildConfiguration;
			buildSettings = {
				GCC_PRECOMPILE_PREFIX_HEADER = YES;
				GCC_PREFIX_HEADER = "WWLLVoting/WWLLVoting-Prefix.pch";
				INFOPLIST_FILE = "WWLLVoting/WWLLVoting-Info.plist";
				PRODUCT_NAME = "$(TARGET_NAME)";
				WRAPPER_EXTENSION = app;
			};
			name = Debug;
		};
		95788B6B15766E7F00394814 /* Release */ = {
			isa = XCBuildConfiguration;
			buildSettings = {
				GCC_PRECOMPILE_PREFIX_HEADER = YES;
				GCC_PREFIX_HEADER = "WWLLVoting/WWLLVoting-Prefix.pch";
				INFOPLIST_FILE = "WWLLVoting/WWLLVoting-Info.plist";
				PRODUCT_NAME = "$(TARGET_NAME)";
				WRAPPER_EXTENSION = app;
			};
			name = Release;
		};
/* End XCBuildConfiguration section */

/* Begin XCConfigurationList section */
		95788B4515766E7F00394814 /* Build configuration list for PBXProject "WWLLVoting" */ = {
			isa = XCConfigurationList;
			buildConfigurations = (
				95788B6715766E7F00394814 /* Debug */,
				95788B6815766E7F00394814 /* Release */,
			);
			defaultConfigurationIsVisible = 0;
			defaultConfigurationName = Release;
		};
		95788B6915766E7F00394814 /* Build configuration list for PBXNativeTarget "WWLLVoting" */ = {
			isa = XCConfigurationList;
			buildConfigurations = (
				95788B6A15766E7F00394814 /* Debug */,
				95788B6B15766E7F00394814 /* Release */,
			);
			defaultConfigurationIsVisible = 0;
		};
/* End XCConfigurationList section */
	};
	rootObject = 95788B4215766E7F00394814 /* Project object */;
}
